
Microsoft Visual Studio Solution File, Format Version 12.00
# Visual Studio 2013
VisualStudioVersion = 12.0.21005.1
MinimumVisualStudioVersion = 10.0.40219.1
Project("{FAE04EC0-301F-11D3-BF4B-00C04F79EFBC}") = "ContactsSample", "ContactsSample\ContactsSample.csproj", "{EC845FCE-D9B8-408B-BCF6-53CFC95F289C}"
EndProject
Project("{FAE04EC0-301F-11D3-BF4B-00C04F79EFBC}") = "GeolocationSample", "GeolocationSample\GeolocationSample.csproj", "{0FBF47C0-7858-4BBA-9C12-FBFE70D6F719}"
EndProject
Project("{FAE04EC0-301F-11D3-BF4B-00C04F79EFBC}") = "MediaPickerSample", "MediaPickerSample\MediaPickerSample.csproj", "{3CA309F2-2454-4944-B13F-A5EB549A7636}"
EndProject
Global
	GlobalSection(SolutionConfigurationPlatforms) = preSolution
		Debug|Any CPU = Debug|Any CPU
		Release|Any CPU = Release|Any CPU
	EndGlobalSection
	GlobalSection(ProjectConfigurationPlatforms) = postSolution
		{EC845FCE-D9B8-408B-BCF6-53CFC95F289C}.Debug|Any CPU.ActiveCfg = Debug|Any CPU
		{EC845FCE-D9B8-408B-BCF6-53CFC95F289C}.Debug|Any CPU.Build.0 = Debug|Any CPU
		{EC845FCE-D9B8-408B-BCF6-53CFC95F289C}.Debug|Any CPU.Deploy.0 = Debug|Any CPU
		{EC845FCE-D9B8-408B-BCF6-53CFC95F289C}.Release|Any CPU.ActiveCfg = Release|Any CPU
		{EC845FCE-D9B8-408B-BCF6-53CFC95F289C}.Release|Any CPU.Build.0 = Release|Any CPU
		{EC845FCE-D9B8-408B-BCF6-53CFC95F289C}.Release|Any CPU.Deploy.0 = Release|Any CPU
		{0FBF47C0-7858-4BBA-9C12-FBFE70D6F719}.Debug|Any CPU.ActiveCfg = Debug|Any CPU
		{0FBF47C0-7858-4BBA-9C12-FBFE70D6F719}.Debug|Any CPU.Build.0 = Debug|Any CPU
		{0FBF47C0-7858-4BBA-9C12-FBFE70D6F719}.Debug|Any CPU.Deploy.0 = Debug|Any CPU
		{0FBF47C0-7858-4BBA-9C12-FBFE70D6F719}.Release|Any CPU.ActiveCfg = Release|Any CPU
		{0FBF47C0-7858-4BBA-9C12-FBFE70D6F719}.Release|Any CPU.Build.0 = Release|Any CPU
		{0FBF47C0-7858-4BBA-9C12-FBFE70D6F719}.Release|Any CPU.Deploy.0 = Release|Any CPU
		{3CA309F2-2454-4944-B13F-A5EB549A7636}.Debug|Any CPU.ActiveCfg = Debug|Any CPU
		{3CA309F2-2454-4944-B13F-A5EB549A7636}.Debug|Any CPU.Build.0 = Debug|Any CPU
		{3CA309F2-2454-4944-B13F-A5EB549A7636}.Debug|Any CPU.Deploy.0 = Debug|Any CPU
		{3CA309F2-2454-4944-B13F-A5EB549A7636}.Release|Any CPU.ActiveCfg = Release|Any CPU
		{3CA309F2-2454-4944-B13F-A5EB549A7636}.Release|Any CPU.Build.0 = Release|Any CPU
		{3CA309F2-2454-4944-B13F-A5EB549A7636}.Release|Any CPU.Deploy.0 = Release|Any CPU
	EndGlobalSection
	GlobalSection(SolutionProperties) = preSolution
		HideSolutionNode = FALSE
	EndGlobalSection
EndGlobal
